
Microsoft Visual Studio Solution File, Format Version 12.00
# Visual Studio 15
VisualStudioVersion = 15.0.27703.2000
MinimumVisualStudioVersion = 10.0.40219.1
Project("{FAE04EC0-301F-11D3-BF4B-00C04F79EFBC}") = "Cometa Halley", "Cometa Halley\Cometa Halley.csproj", "{BD32037E-4E9E-462F-AEE6-392F270CAD92}"
EndProject
Global
	GlobalSection(SolutionConfigurationPlatforms) = preSolution
		Debug|Any CPU = Debug|Any CPU
		Release|Any CPU = Release|Any CPU
	EndGlobalSection
	GlobalSection(ProjectConfigurationPlatforms) = postSolution
		{BD32037E-4E9E-462F-AEE6-392F270CAD92}.Debug|Any CPU.ActiveCfg = Debug|Any CPU
		{BD32037E-4E9E-462F-AEE6-392F270CAD92}.Debug|Any CPU.Build.0 = Debug|Any CPU
		{BD32037E-4E9E-462F-AEE6-392F270CAD92}.Release|Any CPU.ActiveCfg = Release|Any CPU
		{BD32037E-4E9E-462F-AEE6-392F270CAD92}.Release|Any CPU.Build.0 = Release|Any CPU
	EndGlobalSection
	GlobalSection(SolutionProperties) = preSolution
		HideSolutionNode = FALSE
	EndGlobalSection
	GlobalSection(ExtensibilityGlobals) = postSolution
		SolutionGuid = {390F476D-AC5C-4205-821A-6F875C1A1D13}
	EndGlobalSection
EndGlobal
